// !$*UTF8*$!
{
	archiveVersion = 1;
	classes = {
	};
	objectVersion = 46;
	objects = {

/* Begin PBXBuildFile section */
		69CCA3AA8C28590306AF7E9E /* Pods_proTests.framework in Frameworks */ = {isa = PBXBuildFile; fileRef = 7E197682C739472E07054F33 /* Pods_proTests.framework */; };
		BD13C5C2D51244F8C26B24C7 /* Pods_pro.framework in Frameworks */ = {isa = PBXBuildFile; fileRef = 2C01B068669CABBD86120725 /* Pods_pro.framework */; };
		EBF0EA8BC13528649D799E5A /* Pods_proUITests.framework in Frameworks */ = {isa = PBXBuildFile; fileRef = 338DE98160F63DEDD69864FC /* Pods_proUITests.framework */; };
		F339BDE71DE5C84D00289235 /* Zhu.swift in Sources */ = {isa = PBXBuildFile; fileRef = F339BDE61DE5C84D00289235 /* Zhu.swift */; };
		F36467761DC1C00F00BD71E3 /* AppDelegate.swift in Sources */ = {isa = PBXBuildFile; fileRef = F36467751DC1C00F00BD71E3 /* AppDelegate.swift */; };
		F36467781DC1C00F00BD71E3 /* DeviceController.swift in Sources */ = {isa = PBXBuildFile; fileRef = F36467771DC1C00F00BD71E3 /* DeviceController.swift */; };
		F364677A1DC1C01000BD71E3 /* TalkViewController.swift in Sources */ = {isa = PBXBuildFile; fileRef = F36467791DC1C01000BD71E3 /* TalkViewController.swift */; };
		F364677D1DC1C01000BD71E3 /* Main.storyboard in Resources */ = {isa = PBXBuildFile; fileRef = F364677B1DC1C01000BD71E3 /* Main.storyboard */; };
		F364677F1DC1C01000BD71E3 /* Assets.xcassets in Resources */ = {isa = PBXBuildFile; fileRef = F364677E1DC1C01000BD71E3 /* Assets.xcassets */; };
		F36467821DC1C01000BD71E3 /* LaunchScreen.storyboard in Resources */ = {isa = PBXBuildFile; fileRef = F36467801DC1C01000BD71E3 /* LaunchScreen.storyboard */; };
		F364678D1DC1C01000BD71E3 /* proTests.swift in Sources */ = {isa = PBXBuildFile; fileRef = F364678C1DC1C01000BD71E3 /* proTests.swift */; };
		F36467981DC1C01000BD71E3 /* proUITests.swift in Sources */ = {isa = PBXBuildFile; fileRef = F36467971DC1C01000BD71E3 /* proUITests.swift */; };
		F369FEE61E29F10000BE3821 /* Send.swift in Sources */ = {isa = PBXBuildFile; fileRef = F369FEE51E29F10000BE3821 /* Send.swift */; };
		F37678851E18970F00C2CAC8 /* mykey.p12 in Resources */ = {isa = PBXBuildFile; fileRef = F37678841E18970F00C2CAC8 /* mykey.p12 */; };
		F37836171DE335DD00D451B5 /* NewsDetail.swift in Sources */ = {isa = PBXBuildFile; fileRef = F37836161DE335DD00D451B5 /* NewsDetail.swift */; };
		F37836191DE3445B00D451B5 /* Cover.swift in Sources */ = {isa = PBXBuildFile; fileRef = F37836181DE3445B00D451B5 /* Cover.swift */; };
		F378361B1DE346A000D451B5 /* SetPerson.swift in Sources */ = {isa = PBXBuildFile; fileRef = F378361A1DE346A000D451B5 /* SetPerson.swift */; };
		F3BF6BD21DF2D5600003A569 /* 登录界面.gif in Resources */ = {isa = PBXBuildFile; fileRef = F3BF6BD11DF2D5600003A569 /* 登录界面.gif */; };
		F3C7D1221DC243F0004C84E7 /* DetailController.swift in Sources */ = {isa = PBXBuildFile; fileRef = F3C7D1211DC243F0004C84E7 /* DetailController.swift */; };
		F3D7A2BE1DC3B8B800A99EAE /* WhatViewController.swift in Sources */ = {isa = PBXBuildFile; fileRef = F3D7A2BD1DC3B8B800A99EAE /* WhatViewController.swift */; };
/* End PBXBuildFile section */

/* Begin PBXContainerItemProxy section */
		F36467891DC1C01000BD71E3 /* PBXContainerItemProxy */ = {
			isa = PBXContainerItemProxy;
			containerPortal = F364676A1DC1C00F00BD71E3 /* Project object */;
			proxyType = 1;
			remoteGlobalIDString = F36467711DC1C00F00BD71E3;
			remoteInfo = pro;
		};
		F36467941DC1C01000BD71E3 /* PBXContainerItemProxy */ = {
			isa = PBXContainerItemProxy;
			containerPortal = F364676A1DC1C00F00BD71E3 /* Project object */;
			proxyType = 1;
			remoteGlobalIDString = F36467711DC1C00F00BD71E3;
			remoteInfo = pro;
		};
/* End PBXContainerItemProxy section */

/* Begin PBXFileReference section */
		2382293358B0BF8FB9CA7880 /* Pods-pro.debug.xcconfig */ = {isa = PBXFileReference; includeInIndex = 1; lastKnownFileType = text.xcconfig; name = "Pods-pro.debug.xcconfig"; path = "Pods/Target Support Files/Pods-pro/Pods-pro.debug.xcconfig"; sourceTree = "<group>"; };
		2C01B068669CABBD86120725 /* Pods_pro.framework */ = {isa = PBXFileReference; explicitFileType = wrapper.framework; includeInIndex = 0; path = Pods_pro.framework; sourceTree = BUILT_PRODUCTS_DIR; };
		338DE98160F63DEDD69864FC /* Pods_proUITests.framework */ = {isa = PBXFileReference; explicitFileType = wrapper.framework; includeInIndex = 0; path = Pods_proUITests.framework; sourceTree = BUILT_PRODUCTS_DIR; };
		5A7E2B12E7E04AB73C206FEC /* Pods-proTests.debug.xcconfig */ = {isa = PBXFileReference; includeInIndex = 1; lastKnownFileType = text.xcconfig; name = "Pods-proTests.debug.xcconfig"; path = "Pods/Target Support Files/Pods-proTests/Pods-proTests.debug.xcconfig"; sourceTree = "<group>"; };
		6C14BFE5377F4EF0B1A05308 /* Pods-proTests.release.xcconfig */ = {isa = PBXFileReference; includeInIndex = 1; lastKnownFileType = text.xcconfig; name = "Pods-proTests.release.xcconfig"; path = "Pods/Target Support Files/Pods-proTests/Pods-proTests.release.xcconfig"; sourceTree = "<group>"; };
		6F51E33AF62839FCAA21E1A2 /* Pods-pro.release.xcconfig */ = {isa = PBXFileReference; includeInIndex = 1; lastKnownFileType = text.xcconfig; name = "Pods-pro.release.xcconfig"; path = "Pods/Target Support Files/Pods-pro/Pods-pro.release.xcconfig"; sourceTree = "<group>"; };
		7E197682C739472E07054F33 /* Pods_proTests.framework */ = {isa = PBXFileReference; explicitFileType = wrapper.framework; includeInIndex = 0; path = Pods_proTests.framework; sourceTree = BUILT_PRODUCTS_DIR; };
		86242B3E5C7CC5E56D257513 /* Pods-proUITests.debug.xcconfig */ = {isa = PBXFileReference; includeInIndex = 1; lastKnownFileType = text.xcconfig; name = "Pods-proUITests.debug.xcconfig"; path = "Pods/Target Support Files/Pods-proUITests/Pods-proUITests.debug.xcconfig"; sourceTree = "<group>"; };
		EF34A4B13487593511E5B997 /* Pods-proUITests.release.xcconfig */ = {isa = PBXFileReference; includeInIndex = 1; lastKnownFileType = text.xcconfig; name = "Pods-proUITests.release.xcconfig"; path = "Pods/Target Support Files/Pods-proUITests/Pods-proUITests.release.xcconfig"; sourceTree = "<group>"; };
		F339BDE61DE5C84D00289235 /* Zhu.swift */ = {isa = PBXFileReference; fileEncoding = 4; lastKnownFileType = sourcecode.swift; path = Zhu.swift; sourceTree = "<group>"; };
		F36467721DC1C00F00BD71E3 /* pro.app */ = {isa = PBXFileReference; explicitFileType = wrapper.application; includeInIndex = 0; path = pro.app; sourceTree = BUILT_PRODUCTS_DIR; };
		F36467751DC1C00F00BD71E3 /* AppDelegate.swift */ = {isa = PBXFileReference; lastKnownFileType = sourcecode.swift; path = AppDelegate.swift; sourceTree = "<group>"; };
		F36467771DC1C00F00BD71E3 /* DeviceController.swift */ = {isa = PBXFileReference; lastKnownFileType = sourcecode.swift; path = DeviceController.swift; sourceTree = "<group>"; };
		F36467791DC1C01000BD71E3 /* TalkViewController.swift */ = {isa = PBXFileReference; lastKnownFileType = sourcecode.swift; path = TalkViewController.swift; sourceTree = "<group>"; };
		F364677C1DC1C01000BD71E3 /* Base */ = {isa = PBXFileReference; lastKnownFileType = file.storyboard; name = Base; path = Base.lproj/Main.storyboard; sourceTree = "<group>"; };
		F364677E1DC1C01000BD71E3 /* Assets.xcassets */ = {isa = PBXFileReference; lastKnownFileType = folder.assetcatalog; path = Assets.xcassets; sourceTree = "<group>"; };
		F36467811DC1C01000BD71E3 /* Base */ = {isa = PBXFileReference; lastKnownFileType = file.storyboard; name = Base; path = Base.lproj/LaunchScreen.storyboard; sourceTree = "<group>"; };
		F36467831DC1C01000BD71E3 /* Info.plist */ = {isa = PBXFileReference; lastKnownFileType = text.plist.xml; path = Info.plist; sourceTree = "<group>"; };
		F36467881DC1C01000BD71E3 /* proTests.xctest */ = {isa = PBXFileReference; explicitFileType = wrapper.cfbundle; includeInIndex = 0; path = proTests.xctest; sourceTree = BUILT_PRODUCTS_DIR; };
		F364678C1DC1C01000BD71E3 /* proTests.swift */ = {isa = PBXFileReference; lastKnownFileType = sourcecode.swift; path = proTests.swift; sourceTree = "<group>"; };
		F364678E1DC1C01000BD71E3 /* Info.plist */ = {isa = PBXFileReference; lastKnownFileType = text.plist.xml; path = Info.plist; sourceTree = "<group>"; };
		F36467931DC1C01000BD71E3 /* proUITests.xctest */ = {isa = PBXFileReference; explicitFileType = wrapper.cfbundle; includeInIndex = 0; path = proUITests.xctest; sourceTree = BUILT_PRODUCTS_DIR; };
		F36467971DC1C01000BD71E3 /* proUITests.swift */ = {isa = PBXFileReference; lastKnownFileType = sourcecode.swift; path = proUITests.swift; sourceTree = "<group>"; };
		F36467991DC1C01000BD71E3 /* Info.plist */ = {isa = PBXFileReference; lastKnownFileType = text.plist.xml; path = Info.plist; sourceTree = "<group>"; };
		F369FEE51E29F10000BE3821 /* Send.swift */ = {isa = PBXFileReference; fileEncoding = 4; lastKnownFileType = sourcecode.swift; path = Send.swift; sourceTree = "<group>"; };
		F37678841E18970F00C2CAC8 /* mykey.p12 */ = {isa = PBXFileReference; lastKnownFileType = file; path = mykey.p12; sourceTree = "<group>"; };
		F37836161DE335DD00D451B5 /* NewsDetail.swift */ = {isa = PBXFileReference; fileEncoding = 4; lastKnownFileType = sourcecode.swift; path = NewsDetail.swift; sourceTree = "<group>"; };
		F37836181DE3445B00D451B5 /* Cover.swift */ = {isa = PBXFileReference; fileEncoding = 4; lastKnownFileType = sourcecode.swift; path = Cover.swift; sourceTree = "<group>"; };
		F378361A1DE346A000D451B5 /* SetPerson.swift */ = {isa = PBXFileReference; fileEncoding = 4; lastKnownFileType = sourcecode.swift; path = SetPerson.swift; sourceTree = "<group>"; };
		F3BF6BD11DF2D5600003A569 /* 登录界面.gif */ = {isa = PBXFileReference; lastKnownFileType = image.gif; name = "登录界面.gif"; path = "../../../Pictures/显卡佬项目图片素材/登录界面.gif"; sourceTree = "<group>"; };
		F3C7D1211DC243F0004C84E7 /* DetailController.swift */ = {isa = PBXFileReference; fileEncoding = 4; lastKnownFileType = sourcecode.swift; path = DetailController.swift; sourceTree = "<group>"; };
		F3D7A2BD1DC3B8B800A99EAE /* WhatViewController.swift */ = {isa = PBXFileReference; fileEncoding = 4; lastKnownFileType = sourcecode.swift; path = WhatViewController.swift; sourceTree = "<group>"; };
/* End PBXFileReference section */

/* Begin PBXFrameworksBuildPhase section */
		F364676F1DC1C00F00BD71E3 /* Frameworks */ = {
			isa = PBXFrameworksBuildPhase;
			buildActionMask = 2147483647;
			files = (
				BD13C5C2D51244F8C26B24C7 /* Pods_pro.framework in Frameworks */,
			);
			runOnlyForDeploymentPostprocessing = 0;
		};
		F36467851DC1C01000BD71E3 /* Frameworks */ = {
			isa = PBXFrameworksBuildPhase;
			buildActionMask = 2147483647;
			files = (
				69CCA3AA8C28590306AF7E9E /* Pods_proTests.framework in Frameworks */,
			);
			runOnlyForDeploymentPostprocessing = 0;
		};
		F36467901DC1C01000BD71E3 /* Frameworks */ = {
			isa = PBXFrameworksBuildPhase;
			buildActionMask = 2147483647;
			files = (
				EBF0EA8BC13528649D799E5A /* Pods_proUITests.framework in Frameworks */,
			);
			runOnlyForDeploymentPostprocessing = 0;
		};
/* End PBXFrameworksBuildPhase section */

/* Begin PBXGroup section */
		68CD6A0E0F642DB5A2281610 /* Pods */ = {
			isa = PBXGroup;
			children = (
				2382293358B0BF8FB9CA7880 /* Pods-pro.debug.xcconfig */,
				6F51E33AF62839FCAA21E1A2 /* Pods-pro.release.xcconfig */,
				5A7E2B12E7E04AB73C206FEC /* Pods-proTests.debug.xcconfig */,
				6C14BFE5377F4EF0B1A05308 /* Pods-proTests.release.xcconfig */,
				86242B3E5C7CC5E56D257513 /* Pods-proUITests.debug.xcconfig */,
				EF34A4B13487593511E5B997 /* Pods-proUITests.release.xcconfig */,
			);
			name = Pods;
			sourceTree = "<group>";
		};
		A868EA3814EEE889688D8A8A /* Frameworks */ = {
			isa = PBXGroup;
			children = (
				2C01B068669CABBD86120725 /* Pods_pro.framework */,
				7E197682C739472E07054F33 /* Pods_proTests.framework */,
				338DE98160F63DEDD69864FC /* Pods_proUITests.framework */,
			);
			name = Frameworks;
			sourceTree = "<group>";
		};
		F31558981DE467200074DFC4 /* photo */ = {
			isa = PBXGroup;
			children = (
				F3BF6BD11DF2D5600003A569 /* 登录界面.gif */,
			);
			name = photo;
			sourceTree = "<group>";
		};
		F33039721DE43E3A00E37402 /* Ying */ = {
			isa = PBXGroup;
			children = (
				F36467771DC1C00F00BD71E3 /* DeviceController.swift */,
				F3C7D1211DC243F0004C84E7 /* DetailController.swift */,
				F3D7A2BD1DC3B8B800A99EAE /* WhatViewController.swift */,
			);
			name = Ying;
			sourceTree = "<group>";
		};
		F33039731DE43E5500E37402 /* Yao */ = {
			isa = PBXGroup;
			children = (
				F36467791DC1C01000BD71E3 /* TalkViewController.swift */,
				F37836161DE335DD00D451B5 /* NewsDetail.swift */,
			);
			name = Yao;
			sourceTree = "<group>";
		};
		F33039741DE43E7100E37402 /* Tao */ = {
			isa = PBXGroup;
			children = (
				F37836181DE3445B00D451B5 /* Cover.swift */,
				F369FEE51E29F10000BE3821 /* Send.swift */,
			);
			name = Tao;
			sourceTree = "<group>";
		};
		F33039751DE43E7E00E37402 /* Ge */ = {
			isa = PBXGroup;
			children = (
				F378361A1DE346A000D451B5 /* SetPerson.swift */,
				F339BDE61DE5C84D00289235 /* Zhu.swift */,
			);
			name = Ge;
			sourceTree = "<group>";
		};
		F36467691DC1C00F00BD71E3 = {
			isa = PBXGroup;
			children = (
				F37678841E18970F00C2CAC8 /* mykey.p12 */,
				F36467741DC1C00F00BD71E3 /* pro */,
				F364678B1DC1C01000BD71E3 /* proTests */,
				F36467961DC1C01000BD71E3 /* proUITests */,
				F36467731DC1C00F00BD71E3 /* Products */,
				68CD6A0E0F642DB5A2281610 /* Pods */,
				A868EA3814EEE889688D8A8A /* Frameworks */,
			);
			sourceTree = "<group>";
		};
		F36467731DC1C00F00BD71E3 /* Products */ = {
			isa = PBXGroup;
			children = (
				F36467721DC1C00F00BD71E3 /* pro.app */,
				F36467881DC1C01000BD71E3 /* proTests.xctest */,
				F36467931DC1C01000BD71E3 /* proUITests.xctest */,
			);
			name = Products;
			sourceTree = "<group>";
		};
		F36467741DC1C00F00BD71E3 /* pro */ = {
			isa = PBXGroup;
			children = (
				F31558981DE467200074DFC4 /* photo */,
				F33039751DE43E7E00E37402 /* Ge */,
				F33039741DE43E7100E37402 /* Tao */,
				F33039731DE43E5500E37402 /* Yao */,
				F33039721DE43E3A00E37402 /* Ying */,
				F36467751DC1C00F00BD71E3 /* AppDelegate.swift */,
				F364677B1DC1C01000BD71E3 /* Main.storyboard */,
				F364677E1DC1C01000BD71E3 /* Assets.xcassets */,
				F36467801DC1C01000BD71E3 /* LaunchScreen.storyboard */,
				F36467831DC1C01000BD71E3 /* Info.plist */,
			);
			path = pro;
			sourceTree = "<group>";
		};
		F364678B1DC1C01000BD71E3 /* proTests */ = {
			isa = PBXGroup;
			children = (
				F364678C1DC1C01000BD71E3 /* proTests.swift */,
				F364678E1DC1C01000BD71E3 /* Info.plist */,
			);
			path = proTests;
			sourceTree = "<group>";
		};
		F36467961DC1C01000BD71E3 /* proUITests */ = {
			isa = PBXGroup;
			children = (
				F36467971DC1C01000BD71E3 /* proUITests.swift */,
				F36467991DC1C01000BD71E3 /* Info.plist */,
			);
			path = proUITests;
			sourceTree = "<group>";
		};
/* End PBXGroup section */

/* Begin PBXNativeTarget section */
		F36467711DC1C00F00BD71E3 /* pro */ = {
			isa = PBXNativeTarget;
			buildConfigurationList = F364679C1DC1C01000BD71E3 /* Build configuration list for PBXNativeTarget "pro" */;
			buildPhases = (
				0E0D5794A23683811BDA602B /* [CP] Check Pods Manifest.lock */,
				F364676E1DC1C00F00BD71E3 /* Sources */,
				F364676F1DC1C00F00BD71E3 /* Frameworks */,
				F36467701DC1C00F00BD71E3 /* Resources */,
				BA70536E57EAEE4D35F8DDD8 /* [CP] Embed Pods Frameworks */,
				1DF5FDAF1AC6EBF6D4CD0950 /* [CP] Copy Pods Resources */,
			);
			buildRules = (
			);
			dependencies = (
			);
			name = pro;
			productName = pro;
			productReference = F36467721DC1C00F00BD71E3 /* pro.app */;
			productType = "com.apple.product-type.application";
		};
		F36467871DC1C01000BD71E3 /* proTests */ = {
			isa = PBXNativeTarget;
			buildConfigurationList = F364679F1DC1C01000BD71E3 /* Build configuration list for PBXNativeTarget "proTests" */;
			buildPhases = (
				F03819E1814695C4A7867889 /* [CP] Check Pods Manifest.lock */,
				F36467841DC1C01000BD71E3 /* Sources */,
				F36467851DC1C01000BD71E3 /* Frameworks */,
				F36467861DC1C01000BD71E3 /* Resources */,
				D2398A814D77390D8149A03C /* [CP] Embed Pods Frameworks */,
				B9DE3542526A942A15D3538D /* [CP] Copy Pods Resources */,
			);
			buildRules = (
			);
			dependencies = (
				F364678A1DC1C01000BD71E3 /* PBXTargetDependency */,
			);
			name = proTests;
			productName = proTests;
			productReference = F36467881DC1C01000BD71E3 /* proTests.xctest */;
			productType = "com.apple.product-type.bundle.unit-test";
		};
		F36467921DC1C01000BD71E3 /* proUITests */ = {
			isa = PBXNativeTarget;
			buildConfigurationList = F36467A21DC1C01000BD71E3 /* Build configuration list for PBXNativeTarget "proUITests" */;
			buildPhases = (
				52CF73D998FC610FB07E34FA /* [CP] Check Pods Manifest.lock */,
				F364678F1DC1C01000BD71E3 /* Sources */,
				F36467901DC1C01000BD71E3 /* Frameworks */,
				F36467911DC1C01000BD71E3 /* Resources */,
				77519C220EE9FBE4AD3CDC18 /* [CP] Embed Pods Frameworks */,
				C15710D8A7B07C09AC74C63E /* [CP] Copy Pods Resources */,
			);
			buildRules = (
			);
			dependencies = (
				F36467951DC1C01000BD71E3 /* PBXTargetDependency */,
			);
			name = proUITests;
			productName = proUITests;
			productReference = F36467931DC1C01000BD71E3 /* proUITests.xctest */;
			productType = "com.apple.product-type.bundle.ui-testing";
		};
/* End PBXNativeTarget section */

/* Begin PBXProject section */
		F364676A1DC1C00F00BD71E3 /* Project object */ = {
			isa = PBXProject;
			attributes = {
				LastSwiftUpdateCheck = 0800;
				LastUpgradeCheck = 0820;
				ORGANIZATIONNAME = "胡康泽";
				TargetAttributes = {
					F36467711DC1C00F00BD71E3 = {
						CreatedOnToolsVersion = 8.0;
						DevelopmentTeam = KX4SEHM4MW;
						ProvisioningStyle = Automatic;
					};
					F36467871DC1C01000BD71E3 = {
						CreatedOnToolsVersion = 8.0;
						DevelopmentTeam = KX4SEHM4MW;
						ProvisioningStyle = Automatic;
						TestTargetID = F36467711DC1C00F00BD71E3;
					};
					F36467921DC1C01000BD71E3 = {
						CreatedOnToolsVersion = 8.0;
						DevelopmentTeam = KX4SEHM4MW;
						ProvisioningStyle = Automatic;
						TestTargetID = F36467711DC1C00F00BD71E3;
					};
				};
			};
			buildConfigurationList = F364676D1DC1C00F00BD71E3 /* Build configuration list for PBXProject "pro" */;
			compatibilityVersion = "Xcode 3.2";
			developmentRegion = English;
			hasScannedForEncodings = 0;
			knownRegions = (
				en,
				Base,
			);
			mainGroup = F36467691DC1C00F00BD71E3;
			productRefGroup = F36467731DC1C00F00BD71E3 /* Products */;
			projectDirPath = "";
			projectRoot = "";
			targets = (
				F36467711DC1C00F00BD71E3 /* pro */,
				F36467871DC1C01000BD71E3 /* proTests */,
				F36467921DC1C01000BD71E3 /* proUITests */,
			);
		};
/* End PBXProject section */

/* Begin PBXResourcesBuildPhase section */
		F36467701DC1C00F00BD71E3 /* Resources */ = {
			isa = PBXResourcesBuildPhase;
			buildActionMask = 2147483647;
			files = (
				F37678851E18970F00C2CAC8 /* mykey.p12 in Resources */,
				F36467821DC1C01000BD71E3 /* LaunchScreen.storyboard in Resources */,
				F364677F1DC1C01000BD71E3 /* Assets.xcassets in Resources */,
				F364677D1DC1C01000BD71E3 /* Main.storyboard in Resources */,
				F3BF6BD21DF2D5600003A569 /* 登录界面.gif in Resources */,
			);
			runOnlyForDeploymentPostprocessing = 0;
		};
		F36467861DC1C01000BD71E3 /* Resources */ = {
			isa = PBXResourcesBuildPhase;
			buildActionMask = 2147483647;
			files = (
			);
			runOnlyForDeploymentPostprocessing = 0;
		};
		F36467911DC1C01000BD71E3 /* Resources */ = {
			isa = PBXResourcesBuildPhase;
			buildActionMask = 2147483647;
			files = (
			);
			runOnlyForDeploymentPostprocessing = 0;
		};
/* End PBXResourcesBuildPhase section */

/* Begin PBXShellScriptBuildPhase section */
		0E0D5794A23683811BDA602B /* [CP] Check Pods Manifest.lock */ = {
			isa = PBXShellScriptBuildPhase;
			buildActionMask = 2147483647;
			files = (
			);
			inputPaths = (
			);
			name = "[CP] Check Pods Manifest.lock";
			outputPaths = (
			);
			runOnlyForDeploymentPostprocessing = 0;
			shellPath = /bin/sh;
			shellScript = "diff \"${PODS_ROOT}/../Podfile.lock\" \"${PODS_ROOT}/Manifest.lock\" > /dev/null\nif [ $? != 0 ] ; then\n    # print error to STDERR\n    echo \"error: The sandbox is not in sync with the Podfile.lock. Run 'pod install' or update your CocoaPods installation.\" >&2\n    exit 1\nfi\n";
			showEnvVarsInLog = 0;
		};
		1DF5FDAF1AC6EBF6D4CD0950 /* [CP] Copy Pods Resources */ = {
			isa = PBXShellScriptBuildPhase;
			buildActionMask = 2147483647;
			files = (
			);
			inputPaths = (
			);
			name = "[CP] Copy Pods Resources";
			outputPaths = (
			);
			runOnlyForDeploymentPostprocessing = 0;
			shellPath = /bin/sh;
			shellScript = "\"${SRCROOT}/Pods/Target Support Files/Pods-pro/Pods-pro-resources.sh\"\n";
			showEnvVarsInLog = 0;
		};
		52CF73D998FC610FB07E34FA /* [CP] Check Pods Manifest.lock */ = {
			isa = PBXShellScriptBuildPhase;
			buildActionMask = 2147483647;
			files = (
			);
			inputPaths = (
			);
			name = "[CP] Check Pods Manifest.lock";
			outputPaths = (
			);
			runOnlyForDeploymentPostprocessing = 0;
			shellPath = /bin/sh;
			shellScript = "diff \"${PODS_ROOT}/../Podfile.lock\" \"${PODS_ROOT}/Manifest.lock\" > /dev/null\nif [ $? != 0 ] ; then\n    # print error to STDERR\n    echo \"error: The sandbox is not in sync with the Podfile.lock. Run 'pod install' or update your CocoaPods installation.\" >&2\n    exit 1\nfi\n";
			showEnvVarsInLog = 0;
		};
		77519C220EE9FBE4AD3CDC18 /* [CP] Embed Pods Frameworks */ = {
			isa = PBXShellScriptBuildPhase;
			buildActionMask = 2147483647;
			files = (
			);
			inputPaths = (
			);
			name = "[CP] Embed Pods Frameworks";
			outputPaths = (
			);
			runOnlyForDeploymentPostprocessing = 0;
			shellPath = /bin/sh;
			shellScript = "\"${SRCROOT}/Pods/Target Support Files/Pods-proUITests/Pods-proUITests-frameworks.sh\"\n";
			showEnvVarsInLog = 0;
		};
		B9DE3542526A942A15D3538D /* [CP] Copy Pods Resources */ = {
			isa = PBXShellScriptBuildPhase;
			buildActionMask = 2147483647;
			files = (
			);
			inputPaths = (
			);
			name = "[CP] Copy Pods Resources";
			outputPaths = (
			);
			runOnlyForDeploymentPostprocessing = 0;
			shellPath = /bin/sh;
			shellScript = "\"${SRCROOT}/Pods/Target Support Files/Pods-proTests/Pods-proTests-resources.sh\"\n";
			showEnvVarsInLog = 0;
		};
		BA70536E57EAEE4D35F8DDD8 /* [CP] Embed Pods Frameworks */ = {
			isa = PBXShellScriptBuildPhase;
			buildActionMask = 2147483647;
			files = (
			);
			inputPaths = (
			);
			name = "[CP] Embed Pods Frameworks";
			outputPaths = (
			);
			runOnlyForDeploymentPostprocessing = 0;
			shellPath = /bin/sh;
			shellScript = "\"${SRCROOT}/Pods/Target Support Files/Pods-pro/Pods-pro-frameworks.sh\"\n";
			showEnvVarsInLog = 0;
		};
		C15710D8A7B07C09AC74C63E /* [CP] Copy Pods Resources */ = {
			isa = PBXShellScriptBuildPhase;
			buildActionMask = 2147483647;
			files = (
			);
			inputPaths = (
			);
			name = "[CP] Copy Pods Resources";
			outputPaths = (
			);
			runOnlyForDeploymentPostprocessing = 0;
			shellPath = /bin/sh;
			shellScript = "\"${SRCROOT}/Pods/Target Support Files/Pods-proUITests/Pods-proUITests-resources.sh\"\n";
			showEnvVarsInLog = 0;
		};
		D2398A814D77390D8149A03C /* [CP] Embed Pods Frameworks */ = {
			isa = PBXShellScriptBuildPhase;
			buildActionMask = 2147483647;
			files = (
			);
			inputPaths = (
			);
			name = "[CP] Embed Pods Frameworks";
			outputPaths = (
			);
			runOnlyForDeploymentPostprocessing = 0;
			shellPath = /bin/sh;
			shellScript = "\"${SRCROOT}/Pods/Target Support Files/Pods-proTests/Pods-proTests-frameworks.sh\"\n";
			showEnvVarsInLog = 0;
		};
		F03819E1814695C4A7867889 /* [CP] Check Pods Manifest.lock */ = {
			isa = PBXShellScriptBuildPhase;
			buildActionMask = 2147483647;
			files = (
			);
			inputPaths = (
			);
			name = "[CP] Check Pods Manifest.lock";
			outputPaths = (
			);
			runOnlyForDeploymentPostprocessing = 0;
			shellPath = /bin/sh;
			shellScript = "diff \"${PODS_ROOT}/../Podfile.lock\" \"${PODS_ROOT}/Manifest.lock\" > /dev/null\nif [ $? != 0 ] ; then\n    # print error to STDERR\n    echo \"error: The sandbox is not in sync with the Podfile.lock. Run 'pod install' or update your CocoaPods installation.\" >&2\n    exit 1\nfi\n";
			showEnvVarsInLog = 0;
		};
/* End PBXShellScriptBuildPhase section */

/* Begin PBXSourcesBuildPhase section */
		F364676E1DC1C00F00BD71E3 /* Sources */ = {
			isa = PBXSourcesBuildPhase;
			buildActionMask = 2147483647;
			files = (
				F3C7D1221DC243F0004C84E7 /* DetailController.swift in Sources */,
				F37836171DE335DD00D451B5 /* NewsDetail.swift in Sources */,
				F3D7A2BE1DC3B8B800A99EAE /* WhatViewController.swift in Sources */,
				F364677A1DC1C01000BD71E3 /* TalkViewController.swift in Sources */,
				F37836191DE3445B00D451B5 /* Cover.swift in Sources */,
				F339BDE71DE5C84D00289235 /* Zhu.swift in Sources */,
				F378361B1DE346A000D451B5 /* SetPerson.swift in Sources */,
				F369FEE61E29F10000BE3821 /* Send.swift in Sources */,
				F36467761DC1C00F00BD71E3 /* AppDelegate.swift in Sources */,
				F36467781DC1C00F00BD71E3 /* DeviceController.swift in Sources */,
			);
			runOnlyForDeploymentPostprocessing = 0;
		};
		F36467841DC1C01000BD71E3 /* Sources */ = {
			isa = PBXSourcesBuildPhase;
			buildActionMask = 2147483647;
			files = (
				F364678D1DC1C01000BD71E3 /* proTests.swift in Sources */,
			);
			runOnlyForDeploymentPostprocessing = 0;
		};
		F364678F1DC1C01000BD71E3 /* Sources */ = {
			isa = PBXSourcesBuildPhase;
			buildActionMask = 2147483647;
			files = (
				F36467981DC1C01000BD71E3 /* proUITests.swift in Sources */,
			);
			runOnlyForDeploymentPostprocessing = 0;
		};
/* End PBXSourcesBuildPhase section */

/* Begin PBXTargetDependency section */
		F364678A1DC1C01000BD71E3 /* PBXTargetDependency */ = {
			isa = PBXTargetDependency;
			target = F36467711DC1C00F00BD71E3 /* pro */;
			targetProxy = F36467891DC1C01000BD71E3 /* PBXContainerItemProxy */;
		};
		F36467951DC1C01000BD71E3 /* PBXTargetDependency */ = {
			isa = PBXTargetDependency;
			target = F36467711DC1C00F00BD71E3 /* pro */;
			targetProxy = F36467941DC1C01000BD71E3 /* PBXContainerItemProxy */;
		};
/* End PBXTargetDependency section */

/* Begin PBXVariantGroup section */
		F364677B1DC1C01000BD71E3 /* Main.storyboard */ = {
			isa = PBXVariantGroup;
			children = (
				F364677C1DC1C01000BD71E3 /* Base */,
			);
			name = Main.storyboard;
			sourceTree = "<group>";
		};
		F36467801DC1C01000BD71E3 /* LaunchScreen.storyboard */ = {
			isa = PBXVariantGroup;
			children = (
				F36467811DC1C01000BD71E3 /* Base */,
			);
			name = LaunchScreen.storyboard;
			sourceTree = "<group>";
		};
/* End PBXVariantGroup section */

/* Begin XCBuildConfiguration section */
		F364679A1DC1C01000BD71E3 /* Debug */ = {
			isa = XCBuildConfiguration;
			buildSettings = {
				ALWAYS_SEARCH_USER_PATHS = NO;
				CLANG_ANALYZER_NONNULL = YES;
				CLANG_CXX_LANGUAGE_STANDARD = "gnu++0x";
				CLANG_CXX_LIBRARY = "libc++";
				CLANG_ENABLE_MODULES = YES;
				CLANG_ENABLE_OBJC_ARC = YES;
				CLANG_WARN_BOOL_CONVERSION = YES;
				CLANG_WARN_CONSTANT_CONVERSION = YES;
				CLANG_WARN_DIRECT_OBJC_ISA_USAGE = YES_ERROR;
				CLANG_WARN_DOCUMENTATION_COMMENTS = YES;
				CLANG_WARN_EMPTY_BODY = YES;
				CLANG_WARN_ENUM_CONVERSION = YES;
				CLANG_WARN_INFINITE_RECURSION = YES;
				CLANG_WARN_INT_CONVERSION = YES;
				CLANG_WARN_OBJC_ROOT_CLASS = YES_ERROR;
				CLANG_WARN_SUSPICIOUS_MOVE = YES;
				CLANG_WARN_SUSPICIOUS_MOVES = YES;
				CLANG_WARN_UNREACHABLE_CODE = YES;
				CLANG_WARN__DUPLICATE_METHOD_MATCH = YES;
				"CODE_SIGN_IDENTITY[sdk=iphoneos*]" = "iPhone Developer";
				COPY_PHASE_STRIP = NO;
				DEBUG_INFORMATION_FORMAT = dwarf;
				ENABLE_STRICT_OBJC_MSGSEND = YES;
				ENABLE_TESTABILITY = YES;
				GCC_C_LANGUAGE_STANDARD = gnu99;
				GCC_DYNAMIC_NO_PIC = NO;
				GCC_NO_COMMON_BLOCKS = YES;
				GCC_OPTIMIZATION_LEVEL = 0;
				GCC_PREPROCESSOR_DEFINITIONS = (
					"DEBUG=1",
					"$(inherited)",
				);
				GCC_WARN_64_TO_32_BIT_CONVERSION = YES;
				GCC_WARN_ABOUT_RETURN_TYPE = YES_ERROR;
				GCC_WARN_UNDECLARED_SELECTOR = YES;
				GCC_WARN_UNINITIALIZED_AUTOS = YES_AGGRESSIVE;
				GCC_WARN_UNUSED_FUNCTION = YES;
				GCC_WARN_UNUSED_VARIABLE = YES;
				IPHONEOS_DEPLOYMENT_TARGET = 10.0;
				MTL_ENABLE_DEBUG_INFO = YES;
				ONLY_ACTIVE_ARCH = YES;
				SDKROOT = iphoneos;
				SWIFT_ACTIVE_COMPILATION_CONDITIONS = DEBUG;
				SWIFT_OPTIMIZATION_LEVEL = "-Onone";
			};
			name = Debug;
		};
		F364679B1DC1C01000BD71E3 /* Release */ = {
			isa = XCBuildConfiguration;
			buildSettings = {
				ALWAYS_SEARCH_USER_PATHS = NO;
				CLANG_ANALYZER_NONNULL = YES;
				CLANG_CXX_LANGUAGE_STANDARD = "gnu++0x";
				CLANG_CXX_LIBRARY = "libc++";
				CLANG_ENABLE_MODULES = YES;
				CLANG_ENABLE_OBJC_ARC = YES;
				CLANG_WARN_BOOL_CONVERSION = YES;
				CLANG_WARN_CONSTANT_CONVERSION = YES;
				CLANG_WARN_DIRECT_OBJC_ISA_USAGE = YES_ERROR;
				CLANG_WARN_DOCUMENTATION_COMMENTS = YES;
				CLANG_WARN_EMPTY_BODY = YES;
				CLANG_WARN_ENUM_CONVERSION = YES;
				CLANG_WARN_INFINITE_RECURSION = YES;
				CLANG_WARN_INT_CONVERSION = YES;
				CLANG_WARN_OBJC_ROOT_CLASS = YES_ERROR;
				CLANG_WARN_SUSPICIOUS_MOVE = YES;
				CLANG_WARN_SUSPICIOUS_MOVES = YES;
				CLANG_WARN_UNREACHABLE_CODE = YES;
				CLANG_WARN__DUPLICATE_METHOD_MATCH = YES;
				"CODE_SIGN_IDENTITY[sdk=iphoneos*]" = "iPhone Developer";
				COPY_PHASE_STRIP = NO;
				DEBUG_INFORMATION_FORMAT = "dwarf-with-dsym";
				ENABLE_NS_ASSERTIONS = NO;
				ENABLE_STRICT_OBJC_MSGSEND = YES;
				GCC_C_LANGUAGE_STANDARD = gnu99;
				GCC_NO_COMMON_BLOCKS = YES;
				GCC_WARN_64_TO_32_BIT_CONVERSION = YES;
				GCC_WARN_ABOUT_RETURN_TYPE = YES_ERROR;
				GCC_WARN_UNDECLARED_SELECTOR = YES;
				GCC_WARN_UNINITIALIZED_AUTOS = YES_AGGRESSIVE;
				GCC_WARN_UNUSED_FUNCTION = YES;
				GCC_WARN_UNUSED_VARIABLE = YES;
				IPHONEOS_DEPLOYMENT_TARGET = 10.0;
				MTL_ENABLE_DEBUG_INFO = NO;
				SDKROOT = iphoneos;
				SWIFT_OPTIMIZATION_LEVEL = "-Owholemodule";
				VALIDATE_PRODUCT = YES;
			};
			name = Release;
		};
		F364679D1DC1C01000BD71E3 /* Debug */ = {
			isa = XCBuildConfiguration;
			baseConfigurationReference = 2382293358B0BF8FB9CA7880 /* Pods-pro.debug.xcconfig */;
			buildSettings = {
				ALWAYS_EMBED_SWIFT_STANDARD_LIBRARIES = YES;
				ASSETCATALOG_COMPILER_APPICON_NAME = AppIcon;
				DEVELOPMENT_TEAM = KX4SEHM4MW;
				INFOPLIST_FILE = pro/Info.plist;
				LD_RUNPATH_SEARCH_PATHS = "$(inherited) @executable_path/Frameworks";
				PRODUCT_BUNDLE_IDENTIFIER = Mario.pro;
				PRODUCT_NAME = "$(TARGET_NAME)";
				SWIFT_VERSION = 3.0;
			};
			name = Debug;
		};
		F364679E1DC1C01000BD71E3 /* Release */ = {
			isa = XCBuildConfiguration;
			baseConfigurationReference = 6F51E33AF62839FCAA21E1A2 /* Pods-pro.release.xcconfig */;
			buildSettings = {
				ALWAYS_EMBED_SWIFT_STANDARD_LIBRARIES = YES;
				ASSETCATALOG_COMPILER_APPICON_NAME = AppIcon;
				DEVELOPMENT_TEAM = KX4SEHM4MW;
				INFOPLIST_FILE = pro/Info.plist;
				LD_RUNPATH_SEARCH_PATHS = "$(inherited) @executable_path/Frameworks";
				PRODUCT_BUNDLE_IDENTIFIER = Mario.pro;
				PRODUCT_NAME = "$(TARGET_NAME)";
				SWIFT_VERSION = 3.0;
			};
			name = Release;
		};
		F36467A01DC1C01000BD71E3 /* Debug */ = {
			isa = XCBuildConfiguration;
			baseConfigurationReference = 5A7E2B12E7E04AB73C206FEC /* Pods-proTests.debug.xcconfig */;
			buildSettings = {
				ALWAYS_EMBED_SWIFT_STANDARD_LIBRARIES = YES;
				BUNDLE_LOADER = "$(TEST_HOST)";
				DEVELOPMENT_TEAM = KX4SEHM4MW;
				INFOPLIST_FILE = proTests/Info.plist;
				LD_RUNPATH_SEARCH_PATHS = "$(inherited) @executable_path/Frameworks @loader_path/Frameworks";
				PRODUCT_BUNDLE_IDENTIFIER = Mario.proTests;
				PRODUCT_NAME = "$(TARGET_NAME)";
				SWIFT_VERSION = 3.0;
				TEST_HOST = "$(BUILT_PRODUCTS_DIR)/pro.app/pro";
			};
			name = Debug;
		};
		F36467A11DC1C01000BD71E3 /* Release */ = {
			isa = XCBuildConfiguration;
			baseConfigurationReference = 6C14BFE5377F4EF0B1A05308 /* Pods-proTests.release.xcconfig */;
			buildSettings = {
				ALWAYS_EMBED_SWIFT_STANDARD_LIBRARIES = YES;
				BUNDLE_LOADER = "$(TEST_HOST)";
				DEVELOPMENT_TEAM = KX4SEHM4MW;
				INFOPLIST_FILE = proTests/Info.plist;
				LD_RUNPATH_SEARCH_PATHS = "$(inherited) @executable_path/Frameworks @loader_path/Frameworks";
				PRODUCT_BUNDLE_IDENTIFIER = Mario.proTests;
				PRODUCT_NAME = "$(TARGET_NAME)";
				SWIFT_VERSION = 3.0;
				TEST_HOST = "$(BUILT_PRODUCTS_DIR)/pro.app/pro";
			};
			name = Release;
		};
		F36467A31DC1C01000BD71E3 /* Debug */ = {
			isa = XCBuildConfiguration;
			baseConfigurationReference = 86242B3E5C7CC5E56D257513 /* Pods-proUITests.debug.xcconfig */;
			buildSettings = {
				ALWAYS_EMBED_SWIFT_STANDARD_LIBRARIES = YES;
				DEVELOPMENT_TEAM = KX4SEHM4MW;
				INFOPLIST_FILE = proUITests/Info.plist;
				LD_RUNPATH_SEARCH_PATHS = "$(inherited) @executable_path/Frameworks @loader_path/Frameworks";
				PRODUCT_BUNDLE_IDENTIFIER = Mario.proUITests;
				PRODUCT_NAME = "$(TARGET_NAME)";
				SWIFT_VERSION = 3.0;
				TEST_TARGET_NAME = pro;
			};
			name = Debug;
		};
		F36467A41DC1C01000BD71E3 /* Release */ = {
			isa = XCBuildConfiguration;
			baseConfigurationReference = EF34A4B13487593511E5B997 /* Pods-proUITests.release.xcconfig */;
			buildSettings = {
				ALWAYS_EMBED_SWIFT_STANDARD_LIBRARIES = YES;
				DEVELOPMENT_TEAM = KX4SEHM4MW;
				INFOPLIST_FILE = proUITests/Info.plist;
				LD_RUNPATH_SEARCH_PATHS = "$(inherited) @executable_path/Frameworks @loader_path/Frameworks";
				PRODUCT_BUNDLE_IDENTIFIER = Mario.proUITests;
				PRODUCT_NAME = "$(TARGET_NAME)";
				SWIFT_VERSION = 3.0;
				TEST_TARGET_NAME = pro;
			};
			name = Release;
		};
/* End XCBuildConfiguration section */

/* Begin XCConfigurationList section */
		F364676D1DC1C00F00BD71E3 /* Build configuration list for PBXProject "pro" */ = {
			isa = XCConfigurationList;
			buildConfigurations = (
				F364679A1DC1C01000BD71E3 /* Debug */,
				F364679B1DC1C01000BD71E3 /* Release */,
			);
			defaultConfigurationIsVisible = 0;
			defaultConfigurationName = Release;
		};
		F364679C1DC1C01000BD71E3 /* Build configuration list for PBXNativeTarget "pro" */ = {
			isa = XCConfigurationList;
			buildConfigurations = (
				F364679D1DC1C01000BD71E3 /* Debug */,
				F364679E1DC1C01000BD71E3 /* Release */,
			);
			defaultConfigurationIsVisible = 0;
			defaultConfigurationName = Release;
		};
		F364679F1DC1C01000BD71E3 /* Build configuration list for PBXNativeTarget "proTests" */ = {
			isa = XCConfigurationList;
			buildConfigurations = (
				F36467A01DC1C01000BD71E3 /* Debug */,
				F36467A11DC1C01000BD71E3 /* Release */,
			);
			defaultConfigurationIsVisible = 0;
			defaultConfigurationName = Release;
		};
		F36467A21DC1C01000BD71E3 /* Build configuration list for PBXNativeTarget "proUITests" */ = {
			isa = XCConfigurationList;
			buildConfigurations = (
				F36467A31DC1C01000BD71E3 /* Debug */,
				F36467A41DC1C01000BD71E3 /* Release */,
			);
			defaultConfigurationIsVisible = 0;
			defaultConfigurationName = Release;
		};
/* End XCConfigurationList section */
	};
	rootObject = F364676A1DC1C00F00BD71E3 /* Project object */;
}
